// !$*UTF8*$!
{
	archiveVersion = 1;
	classes = {
	};
	objectVersion = 46;
	objects = {

/* Begin PBXBuildFile section */
		B0AC92511DCC31C500213E44 /* AppDelegate.swift in Sources */ = {isa = PBXBuildFile; fileRef = B0AC92501DCC31C500213E44 /* AppDelegate.swift */; };
		B0AC92561DCC31C500213E44 /* Main.storyboard in Resources */ = {isa = PBXBuildFile; fileRef = B0AC92541DCC31C500213E44 /* Main.storyboard */; };
		B0AC92581DCC31C500213E44 /* Assets.xcassets in Resources */ = {isa = PBXBuildFile; fileRef = B0AC92571DCC31C500213E44 /* Assets.xcassets */; };
		B0AC925B1DCC31C500213E44 /* LaunchScreen.storyboard in Resources */ = {isa = PBXBuildFile; fileRef = B0AC92591DCC31C500213E44 /* LaunchScreen.storyboard */; };
		B0AC92631DCC320500213E44 /* TableViewController.swift in Sources */ = {isa = PBXBuildFile; fileRef = B0AC92621DCC320500213E44 /* TableViewController.swift */; };
/* End PBXBuildFile section */

/* Begin PBXFileReference section */
		B0AC924D1DCC31C400213E44 /* ScrollUpdateTest.app */ = {isa = PBXFileReference; explicitFileType = wrapper.application; includeInIndex = 0; path = ScrollUpdateTest.app; sourceTree = BUILT_PRODUCTS_DIR; };
		B0AC92501DCC31C500213E44 /* AppDelegate.swift */ = {isa = PBXFileReference; lastKnownFileType = sourcecode.swift; path = AppDelegate.swift; sourceTree = "<group>"; };
		B0AC92551DCC31C500213E44 /* Base */ = {isa = PBXFileReference; lastKnownFileType = file.storyboard; name = Base; path = Base.lproj/Main.storyboard; sourceTree = "<group>"; };
		B0AC92571DCC31C500213E44 /* Assets.xcassets */ = {isa = PBXFileReference; lastKnownFileType = folder.assetcatalog; path = Assets.xcassets; sourceTree = "<group>"; };
		B0AC925A1DCC31C500213E44 /* Base */ = {isa = PBXFileReference; lastKnownFileType = file.storyboard; name = Base; path = Base.lproj/LaunchScreen.storyboard; sourceTree = "<group>"; };
		B0AC925C1DCC31C500213E44 /* Info.plist */ = {isa = PBXFileReference; lastKnownFileType = text.plist.xml; path = Info.plist; sourceTree = "<group>"; };
		B0AC92621DCC320500213E44 /* TableViewController.swift */ = {isa = PBXFileReference; fileEncoding = 4; lastKnownFileType = sourcecode.swift; path = TableViewController.swift; sourceTree = "<group>"; };
/* End PBXFileReference section */

/* Begin PBXFrameworksBuildPhase section */
		B0AC924A1DCC31C400213E44 /* Frameworks */ = {
			isa = PBXFrameworksBuildPhase;
			buildActionMask = 2147483647;
			files = (
			);
			runOnlyForDeploymentPostprocessing = 0;
		};
/* End PBXFrameworksBuildPhase section */

/* Begin PBXGroup section */
		B0AC92441DCC31C400213E44 = {
			isa = PBXGroup;
			children = (
				B0AC924F1DCC31C400213E44 /* ScrollUpdateTest */,
				B0AC924E1DCC31C400213E44 /* Products */,
			);
			sourceTree = "<group>";
		};
		B0AC924E1DCC31C400213E44 /* Products */ = {
			isa = PBXGroup;
			children = (
				B0AC924D1DCC31C400213E44 /* ScrollUpdateTest.app */,
			);
			name = Products;
			sourceTree = "<group>";
		};
		B0AC924F1DCC31C400213E44 /* ScrollUpdateTest */ = {
			isa = PBXGroup;
			children = (
				B0AC92501DCC31C500213E44 /* AppDelegate.swift */,
				B0AC92541DCC31C500213E44 /* Main.storyboard */,
				B0AC92571DCC31C500213E44 /* Assets.xcassets */,
				B0AC92591DCC31C500213E44 /* LaunchScreen.storyboard */,
				B0AC925C1DCC31C500213E44 /* Info.plist */,
				B0AC92621DCC320500213E44 /* TableViewController.swift */,
			);
			path = ScrollUpdateTest;
			sourceTree = "<group>";
		};
/* End PBXGroup section */

/* Begin PBXNativeTarget section */
		B0AC924C1DCC31C400213E44 /* ScrollUpdateTest */ = {
			isa = PBXNativeTarget;
			buildConfigurationList = B0AC925F1DCC31C500213E44 /* Build configuration list for PBXNativeTarget "ScrollUpdateTest" */;
			buildPhases = (
				B0AC92491DCC31C400213E44 /* Sources */,
				B0AC924A1DCC31C400213E44 /* Frameworks */,
				B0AC924B1DCC31C400213E44 /* Resources */,
			);
			buildRules = (
			);
			dependencies = (
			);
			name = ScrollUpdateTest;
			productName = ScrollUpdateTest;
			productReference = B0AC924D1DCC31C400213E44 /* ScrollUpdateTest.app */;
			productType = "com.apple.product-type.application";
		};
/* End PBXNativeTarget section */

/* Begin PBXProject section */
		B0AC92451DCC31C400213E44 /* Project object */ = {
			isa = PBXProject;
			attributes = {
				LastSwiftUpdateCheck = 0800;
				LastUpgradeCheck = 0800;
				ORGANIZATIONNAME = denny;
				TargetAttributes = {
					B0AC924C1DCC31C400213E44 = {
						CreatedOnToolsVersion = 8.0;
						ProvisioningStyle = Automatic;
					};
				};
			};
			buildConfigurationList = B0AC92481DCC31C400213E44 /* Build configuration list for PBXProject "ScrollUpdateTest" */;
			compatibilityVersion = "Xcode 3.2";
			developmentRegion = English;
			hasScannedForEncodings = 0;
			knownRegions = (
				en,
				Base,
			);
			mainGroup = B0AC92441DCC31C400213E44;
			productRefGroup = B0AC924E1DCC31C400213E44 /* Products */;
			projectDirPath = "";
			projectRoot = "";
			targets = (
				B0AC924C1DCC31C400213E44 /* ScrollUpdateTest */,
			);
		};
/* End PBXProject section */

/* Begin PBXResourcesBuildPhase section */
		B0AC924B1DCC31C400213E44 /* Resources */ = {
			isa = PBXResourcesBuildPhase;
			buildActionMask = 2147483647;
			files = (
				B0AC925B1DCC31C500213E44 /* LaunchScreen.storyboard in Resources */,
				B0AC92581DCC31C500213E44 /* Assets.xcassets in Resources */,
				B0AC92561DCC31C500213E44 /* Main.storyboard in Resources */,
			);
			runOnlyForDeploymentPostprocessing = 0;
		};
/* End PBXResourcesBuildPhase section */

/* Begin PBXSourcesBuildPhase section */
		B0AC92491DCC31C400213E44 /* Sources */ = {
			isa = PBXSourcesBuildPhase;
			buildActionMask = 2147483647;
			files = (
				B0AC92511DCC31C500213E44 /* AppDelegate.swift in Sources */,
				B0AC92631DCC320500213E44 /* TableViewController.swift in Sources */,
			);
			runOnlyForDeploymentPostprocessing = 0;
		};
/* End PBXSourcesBuildPhase section */

/* Begin PBXVariantGroup section */
		B0AC92541DCC31C500213E44 /* Main.storyboard */ = {
			isa = PBXVariantGroup;
			children = (
				B0AC92551DCC31C500213E44 /* Base */,
			);
			name = Main.storyboard;
			sourceTree = "<group>";
		};
		B0AC92591DCC31C500213E44 /* LaunchScreen.storyboard */ = {
			isa = PBXVariantGroup;
			children = (
				B0AC925A1DCC31C500213E44 /* Base */,
			);
			name = LaunchScreen.storyboard;
			sourceTree = "<group>";
		};
/* End PBXVariantGroup section */

/* Begin XCBuildConfiguration section */
		B0AC925D1DCC31C500213E44 /* Debug */ = {
			isa = XCBuildConfiguration;
			buildSettings = {
				ALWAYS_SEARCH_USER_PATHS = NO;
				CLANG_ANALYZER_NONNULL = YES;
				CLANG_CXX_LANGUAGE_STANDARD = "gnu++0x";
				CLANG_CXX_LIBRARY = "libc++";
				CLANG_ENABLE_MODULES = YES;
				CLANG_ENABLE_OBJC_ARC = YES;
				CLANG_WARN_BOOL_CONVERSION = YES;
				CLANG_WARN_CONSTANT_CONVERSION = YES;
				CLANG_WARN_DIRECT_OBJC_ISA_USAGE = YES_ERROR;
				CLANG_WARN_DOCUMENTATION_COMMENTS = YES;
				CLANG_WARN_EMPTY_BODY = YES;
				CLANG_WARN_ENUM_CONVERSION = YES;
				CLANG_WARN_INFINITE_RECURSION = YES;
				CLANG_WARN_INT_CONVERSION = YES;
				CLANG_WARN_OBJC_ROOT_CLASS = YES_ERROR;
				CLANG_WARN_SUSPICIOUS_MOVES = YES;
				CLANG_WARN_UNREACHABLE_CODE = YES;
				CLANG_WARN__DUPLICATE_METHOD_MATCH = YES;
				"CODE_SIGN_IDENTITY[sdk=iphoneos*]" = "iPhone Developer";
				COPY_PHASE_STRIP = NO;
				DEBUG_INFORMATION_FORMAT = dwarf;
				ENABLE_STRICT_OBJC_MSGSEND = YES;
				ENABLE_TESTABILITY = YES;
				GCC_C_LANGUAGE_STANDARD = gnu99;
				GCC_DYNAMIC_NO_PIC = NO;
				GCC_NO_COMMON_BLOCKS = YES;
				GCC_OPTIMIZATION_LEVEL = 0;
				GCC_PREPROCESSOR_DEFINITIONS = (
					"DEBUG=1",
					"$(inherited)",
				);
				GCC_WARN_64_TO_32_BIT_CONVERSION = YES;
				GCC_WARN_ABOUT_RETURN_TYPE = YES_ERROR;
				GCC_WARN_UNDECLARED_SELECTOR = YES;
				GCC_WARN_UNINITIALIZED_AUTOS = YES_AGGRESSIVE;
				GCC_WARN_UNUSED_FUNCTION = YES;
				GCC_WARN_UNUSED_VARIABLE = YES;
				IPHONEOS_DEPLOYMENT_TARGET = 10.0;
				MTL_ENABLE_DEBUG_INFO = YES;
				ONLY_ACTIVE_ARCH = YES;
				SDKROOT = iphoneos;
				SWIFT_ACTIVE_COMPILATION_CONDITIONS = DEBUG;
				SWIFT_OPTIMIZATION_LEVEL = "-Onone";
				TARGETED_DEVICE_FAMILY = "1,2";
			};
			name = Debug;
		};
		B0AC925E1DCC31C500213E44 /* Release */ = {
			isa = XCBuildConfiguration;
			buildSettings = {
				ALWAYS_SEARCH_USER_PATHS = NO;
				CLANG_ANALYZER_NONNULL = YES;
				CLANG_CXX_LANGUAGE_STANDARD = "gnu++0x";
				CLANG_CXX_LIBRARY = "libc++";
				CLANG_ENABLE_MODULES = YES;
				CLANG_ENABLE_OBJC_ARC = YES;
				CLANG_WARN_BOOL_CONVERSION = YES;
				CLANG_WARN_CONSTANT_CONVERSION = YES;
				CLANG_WARN_DIRECT_OBJC_ISA_USAGE = YES_ERROR;
				CLANG_WARN_DOCUMENTATION_COMMENTS = YES;
				CLANG_WARN_EMPTY_BODY = YES;
				CLANG_WARN_ENUM_CONVERSION = YES;
				CLANG_WARN_INFINITE_RECURSION = YES;
				CLANG_WARN_INT_CONVERSION = YES;
				CLANG_WARN_OBJC_ROOT_CLASS = YES_ERROR;
				CLANG_WARN_SUSPICIOUS_MOVES = YES;
				CLANG_WARN_UNREACHABLE_CODE = YES;
				CLANG_WARN__DUPLICATE_METHOD_MATCH = YES;
				"CODE_SIGN_IDENTITY[sdk=iphoneos*]" = "iPhone Developer";
				COPY_PHASE_STRIP = NO;
				DEBUG_INFORMATION_FORMAT = "dwarf-with-dsym";
				ENABLE_NS_ASSERTIONS = NO;
				ENABLE_STRICT_OBJC_MSGSEND = YES;
				GCC_C_LANGUAGE_STANDARD = gnu99;
				GCC_NO_COMMON_BLOCKS = YES;
				GCC_WARN_64_TO_32_BIT_CONVERSION = YES;
				GCC_WARN_ABOUT_RETURN_TYPE = YES_ERROR;
				GCC_WARN_UNDECLARED_SELECTOR = YES;
				GCC_WARN_UNINITIALIZED_AUTOS = YES_AGGRESSIVE;
				GCC_WARN_UNUSED_FUNCTION = YES;
				GCC_WARN_UNUSED_VARIABLE = YES;
				IPHONEOS_DEPLOYMENT_TARGET = 10.0;
				MTL_ENABLE_DEBUG_INFO = NO;
				SDKROOT = iphoneos;
				SWIFT_OPTIMIZATION_LEVEL = "-Owholemodule";
				TARGETED_DEVICE_FAMILY = "1,2";
				VALIDATE_PRODUCT = YES;
			};
			name = Release;
		};
		B0AC92601DCC31C500213E44 /* Debug */ = {
			isa = XCBuildConfiguration;
			buildSettings = {
				ASSETCATALOG_COMPILER_APPICON_NAME = AppIcon;
				INFOPLIST_FILE = ScrollUpdateTest/Info.plist;
				LD_RUNPATH_SEARCH_PATHS = "$(inherited) @executable_path/Frameworks";
				PRODUCT_BUNDLE_IDENTIFIER = com.addweup.ScrollUpdateTest;
				PRODUCT_NAME = "$(TARGET_NAME)";
				SWIFT_VERSION = 3.0;
			};
			name = Debug;
		};
		B0AC92611DCC31C500213E44 /* Release */ = {
			isa = XCBuildConfiguration;
			buildSettings = {
				ASSETCATALOG_COMPILER_APPICON_NAME = AppIcon;
				INFOPLIST_FILE = ScrollUpdateTest/Info.plist;
				LD_RUNPATH_SEARCH_PATHS = "$(inherited) @executable_path/Frameworks";
				PRODUCT_BUNDLE_IDENTIFIER = com.addweup.ScrollUpdateTest;
				PRODUCT_NAME = "$(TARGET_NAME)";
				SWIFT_VERSION = 3.0;
			};
			name = Release;
		};
/* End XCBuildConfiguration section */

/* Begin XCConfigurationList section */
		B0AC92481DCC31C400213E44 /* Build configuration list for PBXProject "ScrollUpdateTest" */ = {
			isa = XCConfigurationList;
			buildConfigurations = (
				B0AC925D1DCC31C500213E44 /* Debug */,
				B0AC925E1DCC31C500213E44 /* Release */,
			);
			defaultConfigurationIsVisible = 0;
			defaultConfigurationName = Release;
		};
		B0AC925F1DCC31C500213E44 /* Build configuration list for PBXNativeTarget "ScrollUpdateTest" */ = {
			isa = XCConfigurationList;
			buildConfigurations = (
				B0AC92601DCC31C500213E44 /* Debug */,
				B0AC92611DCC31C500213E44 /* Release */,
			);
			defaultConfigurationIsVisible = 0;
		};
/* End XCConfigurationList section */
	};
	rootObject = B0AC92451DCC31C400213E44 /* Project object */;
}
