// !$*UTF8*$!
{
	archiveVersion = 1;
	classes = {
	};
	objectVersion = 46;
	objects = {

/* Begin PBXBuildFile section */
		B007AB7B1D88074F006520A0 /* AppDelegate.swift in Sources */ = {isa = PBXBuildFile; fileRef = B007AB7A1D88074F006520A0 /* AppDelegate.swift */; };
		B007AB7D1D88074F006520A0 /* MasterViewController.swift in Sources */ = {isa = PBXBuildFile; fileRef = B007AB7C1D88074F006520A0 /* MasterViewController.swift */; };
		B007AB7F1D88074F006520A0 /* DetailViewController.swift in Sources */ = {isa = PBXBuildFile; fileRef = B007AB7E1D88074F006520A0 /* DetailViewController.swift */; };
		B007AB821D88074F006520A0 /* Main.storyboard in Resources */ = {isa = PBXBuildFile; fileRef = B007AB801D88074F006520A0 /* Main.storyboard */; };
		B007AB841D88074F006520A0 /* Assets.xcassets in Resources */ = {isa = PBXBuildFile; fileRef = B007AB831D88074F006520A0 /* Assets.xcassets */; };
		B007AB871D88074F006520A0 /* LaunchScreen.storyboard in Resources */ = {isa = PBXBuildFile; fileRef = B007AB851D88074F006520A0 /* LaunchScreen.storyboard */; };
		B007AB921D88074F006520A0 /* template1Tests.swift in Sources */ = {isa = PBXBuildFile; fileRef = B007AB911D88074F006520A0 /* template1Tests.swift */; };
		B007AB9D1D88074F006520A0 /* template1UITests.swift in Sources */ = {isa = PBXBuildFile; fileRef = B007AB9C1D88074F006520A0 /* template1UITests.swift */; };
/* End PBXBuildFile section */

/* Begin PBXContainerItemProxy section */
		B007AB8E1D88074F006520A0 /* PBXContainerItemProxy */ = {
			isa = PBXContainerItemProxy;
			containerPortal = B007AB6F1D88074F006520A0 /* Project object */;
			proxyType = 1;
			remoteGlobalIDString = B007AB761D88074F006520A0;
			remoteInfo = template1;
		};
		B007AB991D88074F006520A0 /* PBXContainerItemProxy */ = {
			isa = PBXContainerItemProxy;
			containerPortal = B007AB6F1D88074F006520A0 /* Project object */;
			proxyType = 1;
			remoteGlobalIDString = B007AB761D88074F006520A0;
			remoteInfo = template1;
		};
/* End PBXContainerItemProxy section */

/* Begin PBXFileReference section */
		B007AB771D88074F006520A0 /* template1.app */ = {isa = PBXFileReference; explicitFileType = wrapper.application; includeInIndex = 0; path = template1.app; sourceTree = BUILT_PRODUCTS_DIR; };
		B007AB7A1D88074F006520A0 /* AppDelegate.swift */ = {isa = PBXFileReference; lastKnownFileType = sourcecode.swift; path = AppDelegate.swift; sourceTree = "<group>"; };
		B007AB7C1D88074F006520A0 /* MasterViewController.swift */ = {isa = PBXFileReference; lastKnownFileType = sourcecode.swift; path = MasterViewController.swift; sourceTree = "<group>"; };
		B007AB7E1D88074F006520A0 /* DetailViewController.swift */ = {isa = PBXFileReference; lastKnownFileType = sourcecode.swift; path = DetailViewController.swift; sourceTree = "<group>"; };
		B007AB811D88074F006520A0 /* Base */ = {isa = PBXFileReference; lastKnownFileType = file.storyboard; name = Base; path = Base.lproj/Main.storyboard; sourceTree = "<group>"; };
		B007AB831D88074F006520A0 /* Assets.xcassets */ = {isa = PBXFileReference; lastKnownFileType = folder.assetcatalog; path = Assets.xcassets; sourceTree = "<group>"; };
		B007AB861D88074F006520A0 /* Base */ = {isa = PBXFileReference; lastKnownFileType = file.storyboard; name = Base; path = Base.lproj/LaunchScreen.storyboard; sourceTree = "<group>"; };
		B007AB881D88074F006520A0 /* Info.plist */ = {isa = PBXFileReference; lastKnownFileType = text.plist.xml; path = Info.plist; sourceTree = "<group>"; };
		B007AB8D1D88074F006520A0 /* template1Tests.xctest */ = {isa = PBXFileReference; explicitFileType = wrapper.cfbundle; includeInIndex = 0; path = template1Tests.xctest; sourceTree = BUILT_PRODUCTS_DIR; };
		B007AB911D88074F006520A0 /* template1Tests.swift */ = {isa = PBXFileReference; lastKnownFileType = sourcecode.swift; path = template1Tests.swift; sourceTree = "<group>"; };
		B007AB931D88074F006520A0 /* Info.plist */ = {isa = PBXFileReference; lastKnownFileType = text.plist.xml; path = Info.plist; sourceTree = "<group>"; };
		B007AB981D88074F006520A0 /* template1UITests.xctest */ = {isa = PBXFileReference; explicitFileType = wrapper.cfbundle; includeInIndex = 0; path = template1UITests.xctest; sourceTree = BUILT_PRODUCTS_DIR; };
		B007AB9C1D88074F006520A0 /* template1UITests.swift */ = {isa = PBXFileReference; lastKnownFileType = sourcecode.swift; path = template1UITests.swift; sourceTree = "<group>"; };
		B007AB9E1D88074F006520A0 /* Info.plist */ = {isa = PBXFileReference; lastKnownFileType = text.plist.xml; path = Info.plist; sourceTree = "<group>"; };
/* End PBXFileReference section */

/* Begin PBXFrameworksBuildPhase section */
		B007AB741D88074F006520A0 /* Frameworks */ = {
			isa = PBXFrameworksBuildPhase;
			buildActionMask = 2147483647;
			files = (
			);
			runOnlyForDeploymentPostprocessing = 0;
		};
		B007AB8A1D88074F006520A0 /* Frameworks */ = {
			isa = PBXFrameworksBuildPhase;
			buildActionMask = 2147483647;
			files = (
			);
			runOnlyForDeploymentPostprocessing = 0;
		};
		B007AB951D88074F006520A0 /* Frameworks */ = {
			isa = PBXFrameworksBuildPhase;
			buildActionMask = 2147483647;
			files = (
			);
			runOnlyForDeploymentPostprocessing = 0;
		};
/* End PBXFrameworksBuildPhase section */

/* Begin PBXGroup section */
		B007AB6E1D88074F006520A0 = {
			isa = PBXGroup;
			children = (
				B007AB791D88074F006520A0 /* template1 */,
				B007AB901D88074F006520A0 /* template1Tests */,
				B007AB9B1D88074F006520A0 /* template1UITests */,
				B007AB781D88074F006520A0 /* Products */,
			);
			sourceTree = "<group>";
		};
		B007AB781D88074F006520A0 /* Products */ = {
			isa = PBXGroup;
			children = (
				B007AB771D88074F006520A0 /* template1.app */,
				B007AB8D1D88074F006520A0 /* template1Tests.xctest */,
				B007AB981D88074F006520A0 /* template1UITests.xctest */,
			);
			name = Products;
			sourceTree = "<group>";
		};
		B007AB791D88074F006520A0 /* template1 */ = {
			isa = PBXGroup;
			children = (
				B007AB7A1D88074F006520A0 /* AppDelegate.swift */,
				B007AB7C1D88074F006520A0 /* MasterViewController.swift */,
				B007AB7E1D88074F006520A0 /* DetailViewController.swift */,
				B007AB801D88074F006520A0 /* Main.storyboard */,
				B007AB831D88074F006520A0 /* Assets.xcassets */,
				B007AB851D88074F006520A0 /* LaunchScreen.storyboard */,
				B007AB881D88074F006520A0 /* Info.plist */,
			);
			path = template1;
			sourceTree = "<group>";
		};
		B007AB901D88074F006520A0 /* template1Tests */ = {
			isa = PBXGroup;
			children = (
				B007AB911D88074F006520A0 /* template1Tests.swift */,
				B007AB931D88074F006520A0 /* Info.plist */,
			);
			path = template1Tests;
			sourceTree = "<group>";
		};
		B007AB9B1D88074F006520A0 /* template1UITests */ = {
			isa = PBXGroup;
			children = (
				B007AB9C1D88074F006520A0 /* template1UITests.swift */,
				B007AB9E1D88074F006520A0 /* Info.plist */,
			);
			path = template1UITests;
			sourceTree = "<group>";
		};
/* End PBXGroup section */

/* Begin PBXNativeTarget section */
		B007AB761D88074F006520A0 /* template1 */ = {
			isa = PBXNativeTarget;
			buildConfigurationList = B007ABA11D88074F006520A0 /* Build configuration list for PBXNativeTarget "template1" */;
			buildPhases = (
				B007AB731D88074F006520A0 /* Sources */,
				B007AB741D88074F006520A0 /* Frameworks */,
				B007AB751D88074F006520A0 /* Resources */,
			);
			buildRules = (
			);
			dependencies = (
			);
			name = template1;
			productName = template1;
			productReference = B007AB771D88074F006520A0 /* template1.app */;
			productType = "com.apple.product-type.application";
		};
		B007AB8C1D88074F006520A0 /* template1Tests */ = {
			isa = PBXNativeTarget;
			buildConfigurationList = B007ABA41D88074F006520A0 /* Build configuration list for PBXNativeTarget "template1Tests" */;
			buildPhases = (
				B007AB891D88074F006520A0 /* Sources */,
				B007AB8A1D88074F006520A0 /* Frameworks */,
				B007AB8B1D88074F006520A0 /* Resources */,
			);
			buildRules = (
			);
			dependencies = (
				B007AB8F1D88074F006520A0 /* PBXTargetDependency */,
			);
			name = template1Tests;
			productName = template1Tests;
			productReference = B007AB8D1D88074F006520A0 /* template1Tests.xctest */;
			productType = "com.apple.product-type.bundle.unit-test";
		};
		B007AB971D88074F006520A0 /* template1UITests */ = {
			isa = PBXNativeTarget;
			buildConfigurationList = B007ABA71D88074F006520A0 /* Build configuration list for PBXNativeTarget "template1UITests" */;
			buildPhases = (
				B007AB941D88074F006520A0 /* Sources */,
				B007AB951D88074F006520A0 /* Frameworks */,
				B007AB961D88074F006520A0 /* Resources */,
			);
			buildRules = (
			);
			dependencies = (
				B007AB9A1D88074F006520A0 /* PBXTargetDependency */,
			);
			name = template1UITests;
			productName = template1UITests;
			productReference = B007AB981D88074F006520A0 /* template1UITests.xctest */;
			productType = "com.apple.product-type.bundle.ui-testing";
		};
/* End PBXNativeTarget section */

/* Begin PBXProject section */
		B007AB6F1D88074F006520A0 /* Project object */ = {
			isa = PBXProject;
			attributes = {
				LastSwiftUpdateCheck = 0720;
				LastUpgradeCheck = 0720;
				ORGANIZATIONNAME = Denny;
				TargetAttributes = {
					B007AB761D88074F006520A0 = {
						CreatedOnToolsVersion = 7.2.1;
						DevelopmentTeam = 8H7X36TF25;
					};
					B007AB8C1D88074F006520A0 = {
						CreatedOnToolsVersion = 7.2.1;
						TestTargetID = B007AB761D88074F006520A0;
					};
					B007AB971D88074F006520A0 = {
						CreatedOnToolsVersion = 7.2.1;
						TestTargetID = B007AB761D88074F006520A0;
					};
				};
			};
			buildConfigurationList = B007AB721D88074F006520A0 /* Build configuration list for PBXProject "template1" */;
			compatibilityVersion = "Xcode 3.2";
			developmentRegion = English;
			hasScannedForEncodings = 0;
			knownRegions = (
				en,
				Base,
			);
			mainGroup = B007AB6E1D88074F006520A0;
			productRefGroup = B007AB781D88074F006520A0 /* Products */;
			projectDirPath = "";
			projectRoot = "";
			targets = (
				B007AB761D88074F006520A0 /* template1 */,
				B007AB8C1D88074F006520A0 /* template1Tests */,
				B007AB971D88074F006520A0 /* template1UITests */,
			);
		};
/* End PBXProject section */

/* Begin PBXResourcesBuildPhase section */
		B007AB751D88074F006520A0 /* Resources */ = {
			isa = PBXResourcesBuildPhase;
			buildActionMask = 2147483647;
			files = (
				B007AB871D88074F006520A0 /* LaunchScreen.storyboard in Resources */,
				B007AB841D88074F006520A0 /* Assets.xcassets in Resources */,
				B007AB821D88074F006520A0 /* Main.storyboard in Resources */,
			);
			runOnlyForDeploymentPostprocessing = 0;
		};
		B007AB8B1D88074F006520A0 /* Resources */ = {
			isa = PBXResourcesBuildPhase;
			buildActionMask = 2147483647;
			files = (
			);
			runOnlyForDeploymentPostprocessing = 0;
		};
		B007AB961D88074F006520A0 /* Resources */ = {
			isa = PBXResourcesBuildPhase;
			buildActionMask = 2147483647;
			files = (
			);
			runOnlyForDeploymentPostprocessing = 0;
		};
/* End PBXResourcesBuildPhase section */

/* Begin PBXSourcesBuildPhase section */
		B007AB731D88074F006520A0 /* Sources */ = {
			isa = PBXSourcesBuildPhase;
			buildActionMask = 2147483647;
			files = (
				B007AB7F1D88074F006520A0 /* DetailViewController.swift in Sources */,
				B007AB7D1D88074F006520A0 /* MasterViewController.swift in Sources */,
				B007AB7B1D88074F006520A0 /* AppDelegate.swift in Sources */,
			);
			runOnlyForDeploymentPostprocessing = 0;
		};
		B007AB891D88074F006520A0 /* Sources */ = {
			isa = PBXSourcesBuildPhase;
			buildActionMask = 2147483647;
			files = (
				B007AB921D88074F006520A0 /* template1Tests.swift in Sources */,
			);
			runOnlyForDeploymentPostprocessing = 0;
		};
		B007AB941D88074F006520A0 /* Sources */ = {
			isa = PBXSourcesBuildPhase;
			buildActionMask = 2147483647;
			files = (
				B007AB9D1D88074F006520A0 /* template1UITests.swift in Sources */,
			);
			runOnlyForDeploymentPostprocessing = 0;
		};
/* End PBXSourcesBuildPhase section */

/* Begin PBXTargetDependency section */
		B007AB8F1D88074F006520A0 /* PBXTargetDependency */ = {
			isa = PBXTargetDependency;
			target = B007AB761D88074F006520A0 /* template1 */;
			targetProxy = B007AB8E1D88074F006520A0 /* PBXContainerItemProxy */;
		};
		B007AB9A1D88074F006520A0 /* PBXTargetDependency */ = {
			isa = PBXTargetDependency;
			target = B007AB761D88074F006520A0 /* template1 */;
			targetProxy = B007AB991D88074F006520A0 /* PBXContainerItemProxy */;
		};
/* End PBXTargetDependency section */

/* Begin PBXVariantGroup section */
		B007AB801D88074F006520A0 /* Main.storyboard */ = {
			isa = PBXVariantGroup;
			children = (
				B007AB811D88074F006520A0 /* Base */,
			);
			name = Main.storyboard;
			sourceTree = "<group>";
		};
		B007AB851D88074F006520A0 /* LaunchScreen.storyboard */ = {
			isa = PBXVariantGroup;
			children = (
				B007AB861D88074F006520A0 /* Base */,
			);
			name = LaunchScreen.storyboard;
			sourceTree = "<group>";
		};
/* End PBXVariantGroup section */

/* Begin XCBuildConfiguration section */
		B007AB9F1D88074F006520A0 /* Debug */ = {
			isa = XCBuildConfiguration;
			buildSettings = {
				ALWAYS_SEARCH_USER_PATHS = NO;
				CLANG_CXX_LANGUAGE_STANDARD = "gnu++0x";
				CLANG_CXX_LIBRARY = "libc++";
				CLANG_ENABLE_MODULES = YES;
				CLANG_ENABLE_OBJC_ARC = YES;
				CLANG_WARN_BOOL_CONVERSION = YES;
				CLANG_WARN_CONSTANT_CONVERSION = YES;
				CLANG_WARN_DIRECT_OBJC_ISA_USAGE = YES_ERROR;
				CLANG_WARN_EMPTY_BODY = YES;
				CLANG_WARN_ENUM_CONVERSION = YES;
				CLANG_WARN_INT_CONVERSION = YES;
				CLANG_WARN_OBJC_ROOT_CLASS = YES_ERROR;
				CLANG_WARN_UNREACHABLE_CODE = YES;
				CLANG_WARN__DUPLICATE_METHOD_MATCH = YES;
				"CODE_SIGN_IDENTITY[sdk=iphoneos*]" = "iPhone Developer";
				COPY_PHASE_STRIP = NO;
				DEBUG_INFORMATION_FORMAT = dwarf;
				ENABLE_STRICT_OBJC_MSGSEND = YES;
				ENABLE_TESTABILITY = YES;
				GCC_C_LANGUAGE_STANDARD = gnu99;
				GCC_DYNAMIC_NO_PIC = NO;
				GCC_NO_COMMON_BLOCKS = YES;
				GCC_OPTIMIZATION_LEVEL = 0;
				GCC_PREPROCESSOR_DEFINITIONS = (
					"DEBUG=1",
					"$(inherited)",
				);
				GCC_WARN_64_TO_32_BIT_CONVERSION = YES;
				GCC_WARN_ABOUT_RETURN_TYPE = YES_ERROR;
				GCC_WARN_UNDECLARED_SELECTOR = YES;
				GCC_WARN_UNINITIALIZED_AUTOS = YES_AGGRESSIVE;
				GCC_WARN_UNUSED_FUNCTION = YES;
				GCC_WARN_UNUSED_VARIABLE = YES;
				IPHONEOS_DEPLOYMENT_TARGET = 9.2;
				MTL_ENABLE_DEBUG_INFO = YES;
				ONLY_ACTIVE_ARCH = YES;
				SDKROOT = iphoneos;
				SWIFT_OPTIMIZATION_LEVEL = "-Onone";
			};
			name = Debug;
		};
		B007ABA01D88074F006520A0 /* Release */ = {
			isa = XCBuildConfiguration;
			buildSettings = {
				ALWAYS_SEARCH_USER_PATHS = NO;
				CLANG_CXX_LANGUAGE_STANDARD = "gnu++0x";
				CLANG_CXX_LIBRARY = "libc++";
				CLANG_ENABLE_MODULES = YES;
				CLANG_ENABLE_OBJC_ARC = YES;
				CLANG_WARN_BOOL_CONVERSION = YES;
				CLANG_WARN_CONSTANT_CONVERSION = YES;
				CLANG_WARN_DIRECT_OBJC_ISA_USAGE = YES_ERROR;
				CLANG_WARN_EMPTY_BODY = YES;
				CLANG_WARN_ENUM_CONVERSION = YES;
				CLANG_WARN_INT_CONVERSION = YES;
				CLANG_WARN_OBJC_ROOT_CLASS = YES_ERROR;
				CLANG_WARN_UNREACHABLE_CODE = YES;
				CLANG_WARN__DUPLICATE_METHOD_MATCH = YES;
				"CODE_SIGN_IDENTITY[sdk=iphoneos*]" = "iPhone Developer";
				COPY_PHASE_STRIP = NO;
				DEBUG_INFORMATION_FORMAT = "dwarf-with-dsym";
				ENABLE_NS_ASSERTIONS = NO;
				ENABLE_STRICT_OBJC_MSGSEND = YES;
				GCC_C_LANGUAGE_STANDARD = gnu99;
				GCC_NO_COMMON_BLOCKS = YES;
				GCC_WARN_64_TO_32_BIT_CONVERSION = YES;
				GCC_WARN_ABOUT_RETURN_TYPE = YES_ERROR;
				GCC_WARN_UNDECLARED_SELECTOR = YES;
				GCC_WARN_UNINITIALIZED_AUTOS = YES_AGGRESSIVE;
				GCC_WARN_UNUSED_FUNCTION = YES;
				GCC_WARN_UNUSED_VARIABLE = YES;
				IPHONEOS_DEPLOYMENT_TARGET = 9.2;
				MTL_ENABLE_DEBUG_INFO = NO;
				SDKROOT = iphoneos;
				VALIDATE_PRODUCT = YES;
			};
			name = Release;
		};
		B007ABA21D88074F006520A0 /* Debug */ = {
			isa = XCBuildConfiguration;
			buildSettings = {
				ASSETCATALOG_COMPILER_APPICON_NAME = AppIcon;
				CODE_SIGN_IDENTITY = "iPhone Developer";
				INFOPLIST_FILE = template1/Info.plist;
				LD_RUNPATH_SEARCH_PATHS = "$(inherited) @executable_path/Frameworks";
				PRODUCT_BUNDLE_IDENTIFIER = com.addweup.template1;
				PRODUCT_NAME = "$(TARGET_NAME)";
			};
			name = Debug;
		};
		B007ABA31D88074F006520A0 /* Release */ = {
			isa = XCBuildConfiguration;
			buildSettings = {
				ASSETCATALOG_COMPILER_APPICON_NAME = AppIcon;
				CODE_SIGN_IDENTITY = "iPhone Developer";
				INFOPLIST_FILE = template1/Info.plist;
				LD_RUNPATH_SEARCH_PATHS = "$(inherited) @executable_path/Frameworks";
				PRODUCT_BUNDLE_IDENTIFIER = com.addweup.template1;
				PRODUCT_NAME = "$(TARGET_NAME)";
			};
			name = Release;
		};
		B007ABA51D88074F006520A0 /* Debug */ = {
			isa = XCBuildConfiguration;
			buildSettings = {
				BUNDLE_LOADER = "$(TEST_HOST)";
				INFOPLIST_FILE = template1Tests/Info.plist;
				LD_RUNPATH_SEARCH_PATHS = "$(inherited) @executable_path/Frameworks @loader_path/Frameworks";
				PRODUCT_BUNDLE_IDENTIFIER = com.addweup.template1Tests;
				PRODUCT_NAME = "$(TARGET_NAME)";
				TEST_HOST = "$(BUILT_PRODUCTS_DIR)/template1.app/template1";
			};
			name = Debug;
		};
		B007ABA61D88074F006520A0 /* Release */ = {
			isa = XCBuildConfiguration;
			buildSettings = {
				BUNDLE_LOADER = "$(TEST_HOST)";
				INFOPLIST_FILE = template1Tests/Info.plist;
				LD_RUNPATH_SEARCH_PATHS = "$(inherited) @executable_path/Frameworks @loader_path/Frameworks";
				PRODUCT_BUNDLE_IDENTIFIER = com.addweup.template1Tests;
				PRODUCT_NAME = "$(TARGET_NAME)";
				TEST_HOST = "$(BUILT_PRODUCTS_DIR)/template1.app/template1";
			};
			name = Release;
		};
		B007ABA81D88074F006520A0 /* Debug */ = {
			isa = XCBuildConfiguration;
			buildSettings = {
				INFOPLIST_FILE = template1UITests/Info.plist;
				LD_RUNPATH_SEARCH_PATHS = "$(inherited) @executable_path/Frameworks @loader_path/Frameworks";
				PRODUCT_BUNDLE_IDENTIFIER = com.addweup.template1UITests;
				PRODUCT_NAME = "$(TARGET_NAME)";
				TEST_TARGET_NAME = template1;
				USES_XCTRUNNER = YES;
			};
			name = Debug;
		};
		B007ABA91D88074F006520A0 /* Release */ = {
			isa = XCBuildConfiguration;
			buildSettings = {
				INFOPLIST_FILE = template1UITests/Info.plist;
				LD_RUNPATH_SEARCH_PATHS = "$(inherited) @executable_path/Frameworks @loader_path/Frameworks";
				PRODUCT_BUNDLE_IDENTIFIER = com.addweup.template1UITests;
				PRODUCT_NAME = "$(TARGET_NAME)";
				TEST_TARGET_NAME = template1;
				USES_XCTRUNNER = YES;
			};
			name = Release;
		};
/* End XCBuildConfiguration section */

/* Begin XCConfigurationList section */
		B007AB721D88074F006520A0 /* Build configuration list for PBXProject "template1" */ = {
			isa = XCConfigurationList;
			buildConfigurations = (
				B007AB9F1D88074F006520A0 /* Debug */,
				B007ABA01D88074F006520A0 /* Release */,
			);
			defaultConfigurationIsVisible = 0;
			defaultConfigurationName = Release;
		};
		B007ABA11D88074F006520A0 /* Build configuration list for PBXNativeTarget "template1" */ = {
			isa = XCConfigurationList;
			buildConfigurations = (
				B007ABA21D88074F006520A0 /* Debug */,
				B007ABA31D88074F006520A0 /* Release */,
			);
			defaultConfigurationIsVisible = 0;
			defaultConfigurationName = Release;
		};
		B007ABA41D88074F006520A0 /* Build configuration list for PBXNativeTarget "template1Tests" */ = {
			isa = XCConfigurationList;
			buildConfigurations = (
				B007ABA51D88074F006520A0 /* Debug */,
				B007ABA61D88074F006520A0 /* Release */,
			);
			defaultConfigurationIsVisible = 0;
			defaultConfigurationName = Release;
		};
		B007ABA71D88074F006520A0 /* Build configuration list for PBXNativeTarget "template1UITests" */ = {
			isa = XCConfigurationList;
			buildConfigurations = (
				B007ABA81D88074F006520A0 /* Debug */,
				B007ABA91D88074F006520A0 /* Release */,
			);
			defaultConfigurationIsVisible = 0;
			defaultConfigurationName = Release;
		};
/* End XCConfigurationList section */
	};
	rootObject = B007AB6F1D88074F006520A0 /* Project object */;
}
