// !$*UTF8*$!
{
	archiveVersion = 1;
	classes = {
	};
	objectVersion = 46;
	objects = {

/* Begin PBXBuildFile section */
		50FC8B21A91F2514D868D9AC /* Pods_HelloCoCoaPodsUITests.framework in Frameworks */ = {isa = PBXBuildFile; fileRef = E144CF99332C800D1B107CBE /* Pods_HelloCoCoaPodsUITests.framework */; };
		58B71EE50AFC150D69A69D74 /* Pods_HelloCoCoaPodsTests.framework in Frameworks */ = {isa = PBXBuildFile; fileRef = FC42E6B78478C622BA7DA60A /* Pods_HelloCoCoaPodsTests.framework */; };
		A5DF0B9A5D68024F8BAA3F72 /* Pods_HelloCoCoaPods.framework in Frameworks */ = {isa = PBXBuildFile; fileRef = 132B4A0F63D816878F0A9F9E /* Pods_HelloCoCoaPods.framework */; };
		B04A7F021DB4BC1900CF7EBA /* GoogleService-Info.plist in Resources */ = {isa = PBXBuildFile; fileRef = B04A7F011DB4BC1900CF7EBA /* GoogleService-Info.plist */; };
		B0725AC21DB4A6CB00418702 /* AppDelegate.swift in Sources */ = {isa = PBXBuildFile; fileRef = B0725AC11DB4A6CB00418702 /* AppDelegate.swift */; };
		B0725AC41DB4A6CB00418702 /* ViewController.swift in Sources */ = {isa = PBXBuildFile; fileRef = B0725AC31DB4A6CB00418702 /* ViewController.swift */; };
		B0725AC71DB4A6CB00418702 /* Main.storyboard in Resources */ = {isa = PBXBuildFile; fileRef = B0725AC51DB4A6CB00418702 /* Main.storyboard */; };
		B0725AC91DB4A6CB00418702 /* Assets.xcassets in Resources */ = {isa = PBXBuildFile; fileRef = B0725AC81DB4A6CB00418702 /* Assets.xcassets */; };
		B0725ACC1DB4A6CB00418702 /* LaunchScreen.storyboard in Resources */ = {isa = PBXBuildFile; fileRef = B0725ACA1DB4A6CB00418702 /* LaunchScreen.storyboard */; };
		B0725AD71DB4A6CB00418702 /* HelloCoCoaPodsTests.swift in Sources */ = {isa = PBXBuildFile; fileRef = B0725AD61DB4A6CB00418702 /* HelloCoCoaPodsTests.swift */; };
		B0725AE21DB4A6CB00418702 /* HelloCoCoaPodsUITests.swift in Sources */ = {isa = PBXBuildFile; fileRef = B0725AE11DB4A6CB00418702 /* HelloCoCoaPodsUITests.swift */; };
/* End PBXBuildFile section */

/* Begin PBXContainerItemProxy section */
		B0725AD31DB4A6CB00418702 /* PBXContainerItemProxy */ = {
			isa = PBXContainerItemProxy;
			containerPortal = B0725AB61DB4A6CA00418702 /* Project object */;
			proxyType = 1;
			remoteGlobalIDString = B0725ABD1DB4A6CA00418702;
			remoteInfo = HelloCoCoaPods;
		};
		B0725ADE1DB4A6CB00418702 /* PBXContainerItemProxy */ = {
			isa = PBXContainerItemProxy;
			containerPortal = B0725AB61DB4A6CA00418702 /* Project object */;
			proxyType = 1;
			remoteGlobalIDString = B0725ABD1DB4A6CA00418702;
			remoteInfo = HelloCoCoaPods;
		};
/* End PBXContainerItemProxy section */

/* Begin PBXFileReference section */
		034B056488B5F9E06844F4A3 /* Pods-HelloCoCoaPods.release.xcconfig */ = {isa = PBXFileReference; includeInIndex = 1; lastKnownFileType = text.xcconfig; name = "Pods-HelloCoCoaPods.release.xcconfig"; path = "Pods/Target Support Files/Pods-HelloCoCoaPods/Pods-HelloCoCoaPods.release.xcconfig"; sourceTree = "<group>"; };
		132B4A0F63D816878F0A9F9E /* Pods_HelloCoCoaPods.framework */ = {isa = PBXFileReference; explicitFileType = wrapper.framework; includeInIndex = 0; path = Pods_HelloCoCoaPods.framework; sourceTree = BUILT_PRODUCTS_DIR; };
		32B8F473F3092C8856B67A54 /* Pods-HelloCoCoaPodsUITests.release.xcconfig */ = {isa = PBXFileReference; includeInIndex = 1; lastKnownFileType = text.xcconfig; name = "Pods-HelloCoCoaPodsUITests.release.xcconfig"; path = "Pods/Target Support Files/Pods-HelloCoCoaPodsUITests/Pods-HelloCoCoaPodsUITests.release.xcconfig"; sourceTree = "<group>"; };
		39304F9C62C58D49A413869B /* Pods-HelloCoCoaPodsUITests.debug.xcconfig */ = {isa = PBXFileReference; includeInIndex = 1; lastKnownFileType = text.xcconfig; name = "Pods-HelloCoCoaPodsUITests.debug.xcconfig"; path = "Pods/Target Support Files/Pods-HelloCoCoaPodsUITests/Pods-HelloCoCoaPodsUITests.debug.xcconfig"; sourceTree = "<group>"; };
		5E1D53255BCC58F9E182D361 /* Pods-HelloCoCoaPodsTests.debug.xcconfig */ = {isa = PBXFileReference; includeInIndex = 1; lastKnownFileType = text.xcconfig; name = "Pods-HelloCoCoaPodsTests.debug.xcconfig"; path = "Pods/Target Support Files/Pods-HelloCoCoaPodsTests/Pods-HelloCoCoaPodsTests.debug.xcconfig"; sourceTree = "<group>"; };
		90F634FEAA16FE43EC3B8BBB /* Pods-HelloCoCoaPods.debug.xcconfig */ = {isa = PBXFileReference; includeInIndex = 1; lastKnownFileType = text.xcconfig; name = "Pods-HelloCoCoaPods.debug.xcconfig"; path = "Pods/Target Support Files/Pods-HelloCoCoaPods/Pods-HelloCoCoaPods.debug.xcconfig"; sourceTree = "<group>"; };
		B018DD3E1DB7A84E009B31F9 /* HelloCoCoaPods.entitlements */ = {isa = PBXFileReference; lastKnownFileType = text.plist.entitlements; path = HelloCoCoaPods.entitlements; sourceTree = "<group>"; };
		B04A7F011DB4BC1900CF7EBA /* GoogleService-Info.plist */ = {isa = PBXFileReference; fileEncoding = 4; lastKnownFileType = text.plist.xml; path = "GoogleService-Info.plist"; sourceTree = "<group>"; };
		B0725ABE1DB4A6CA00418702 /* HelloCoCoaPods.app */ = {isa = PBXFileReference; explicitFileType = wrapper.application; includeInIndex = 0; path = HelloCoCoaPods.app; sourceTree = BUILT_PRODUCTS_DIR; };
		B0725AC11DB4A6CB00418702 /* AppDelegate.swift */ = {isa = PBXFileReference; lastKnownFileType = sourcecode.swift; path = AppDelegate.swift; sourceTree = "<group>"; };
		B0725AC31DB4A6CB00418702 /* ViewController.swift */ = {isa = PBXFileReference; lastKnownFileType = sourcecode.swift; path = ViewController.swift; sourceTree = "<group>"; };
		B0725AC61DB4A6CB00418702 /* Base */ = {isa = PBXFileReference; lastKnownFileType = file.storyboard; name = Base; path = Base.lproj/Main.storyboard; sourceTree = "<group>"; };
		B0725AC81DB4A6CB00418702 /* Assets.xcassets */ = {isa = PBXFileReference; lastKnownFileType = folder.assetcatalog; path = Assets.xcassets; sourceTree = "<group>"; };
		B0725ACB1DB4A6CB00418702 /* Base */ = {isa = PBXFileReference; lastKnownFileType = file.storyboard; name = Base; path = Base.lproj/LaunchScreen.storyboard; sourceTree = "<group>"; };
		B0725ACD1DB4A6CB00418702 /* Info.plist */ = {isa = PBXFileReference; lastKnownFileType = text.plist.xml; path = Info.plist; sourceTree = "<group>"; };
		B0725AD21DB4A6CB00418702 /* HelloCoCoaPodsTests.xctest */ = {isa = PBXFileReference; explicitFileType = wrapper.cfbundle; includeInIndex = 0; path = HelloCoCoaPodsTests.xctest; sourceTree = BUILT_PRODUCTS_DIR; };
		B0725AD61DB4A6CB00418702 /* HelloCoCoaPodsTests.swift */ = {isa = PBXFileReference; lastKnownFileType = sourcecode.swift; path = HelloCoCoaPodsTests.swift; sourceTree = "<group>"; };
		B0725AD81DB4A6CB00418702 /* Info.plist */ = {isa = PBXFileReference; lastKnownFileType = text.plist.xml; path = Info.plist; sourceTree = "<group>"; };
		B0725ADD1DB4A6CB00418702 /* HelloCoCoaPodsUITests.xctest */ = {isa = PBXFileReference; explicitFileType = wrapper.cfbundle; includeInIndex = 0; path = HelloCoCoaPodsUITests.xctest; sourceTree = BUILT_PRODUCTS_DIR; };
		B0725AE11DB4A6CB00418702 /* HelloCoCoaPodsUITests.swift */ = {isa = PBXFileReference; lastKnownFileType = sourcecode.swift; path = HelloCoCoaPodsUITests.swift; sourceTree = "<group>"; };
		B0725AE31DB4A6CB00418702 /* Info.plist */ = {isa = PBXFileReference; lastKnownFileType = text.plist.xml; path = Info.plist; sourceTree = "<group>"; };
		E144CF99332C800D1B107CBE /* Pods_HelloCoCoaPodsUITests.framework */ = {isa = PBXFileReference; explicitFileType = wrapper.framework; includeInIndex = 0; path = Pods_HelloCoCoaPodsUITests.framework; sourceTree = BUILT_PRODUCTS_DIR; };
		E9831E67F3295237E7061820 /* Pods-HelloCoCoaPodsTests.release.xcconfig */ = {isa = PBXFileReference; includeInIndex = 1; lastKnownFileType = text.xcconfig; name = "Pods-HelloCoCoaPodsTests.release.xcconfig"; path = "Pods/Target Support Files/Pods-HelloCoCoaPodsTests/Pods-HelloCoCoaPodsTests.release.xcconfig"; sourceTree = "<group>"; };
		FC42E6B78478C622BA7DA60A /* Pods_HelloCoCoaPodsTests.framework */ = {isa = PBXFileReference; explicitFileType = wrapper.framework; includeInIndex = 0; path = Pods_HelloCoCoaPodsTests.framework; sourceTree = BUILT_PRODUCTS_DIR; };
/* End PBXFileReference section */

/* Begin PBXFrameworksBuildPhase section */
		B0725ABB1DB4A6CA00418702 /* Frameworks */ = {
			isa = PBXFrameworksBuildPhase;
			buildActionMask = 2147483647;
			files = (
				A5DF0B9A5D68024F8BAA3F72 /* Pods_HelloCoCoaPods.framework in Frameworks */,
			);
			runOnlyForDeploymentPostprocessing = 0;
		};
		B0725ACF1DB4A6CB00418702 /* Frameworks */ = {
			isa = PBXFrameworksBuildPhase;
			buildActionMask = 2147483647;
			files = (
				58B71EE50AFC150D69A69D74 /* Pods_HelloCoCoaPodsTests.framework in Frameworks */,
			);
			runOnlyForDeploymentPostprocessing = 0;
		};
		B0725ADA1DB4A6CB00418702 /* Frameworks */ = {
			isa = PBXFrameworksBuildPhase;
			buildActionMask = 2147483647;
			files = (
				50FC8B21A91F2514D868D9AC /* Pods_HelloCoCoaPodsUITests.framework in Frameworks */,
			);
			runOnlyForDeploymentPostprocessing = 0;
		};
/* End PBXFrameworksBuildPhase section */

/* Begin PBXGroup section */
		0D243B204F0E844E9BD2E582 /* Pods */ = {
			isa = PBXGroup;
			children = (
				90F634FEAA16FE43EC3B8BBB /* Pods-HelloCoCoaPods.debug.xcconfig */,
				034B056488B5F9E06844F4A3 /* Pods-HelloCoCoaPods.release.xcconfig */,
				5E1D53255BCC58F9E182D361 /* Pods-HelloCoCoaPodsTests.debug.xcconfig */,
				E9831E67F3295237E7061820 /* Pods-HelloCoCoaPodsTests.release.xcconfig */,
				39304F9C62C58D49A413869B /* Pods-HelloCoCoaPodsUITests.debug.xcconfig */,
				32B8F473F3092C8856B67A54 /* Pods-HelloCoCoaPodsUITests.release.xcconfig */,
			);
			name = Pods;
			sourceTree = "<group>";
		};
		3DA19256CA3B19FDBCCF2758 /* Frameworks */ = {
			isa = PBXGroup;
			children = (
				132B4A0F63D816878F0A9F9E /* Pods_HelloCoCoaPods.framework */,
				FC42E6B78478C622BA7DA60A /* Pods_HelloCoCoaPodsTests.framework */,
				E144CF99332C800D1B107CBE /* Pods_HelloCoCoaPodsUITests.framework */,
			);
			name = Frameworks;
			sourceTree = "<group>";
		};
		B0725AB51DB4A6CA00418702 = {
			isa = PBXGroup;
			children = (
				B0725AC01DB4A6CA00418702 /* HelloCoCoaPods */,
				B0725AD51DB4A6CB00418702 /* HelloCoCoaPodsTests */,
				B0725AE01DB4A6CB00418702 /* HelloCoCoaPodsUITests */,
				B0725ABF1DB4A6CA00418702 /* Products */,
				0D243B204F0E844E9BD2E582 /* Pods */,
				3DA19256CA3B19FDBCCF2758 /* Frameworks */,
			);
			sourceTree = "<group>";
		};
		B0725ABF1DB4A6CA00418702 /* Products */ = {
			isa = PBXGroup;
			children = (
				B0725ABE1DB4A6CA00418702 /* HelloCoCoaPods.app */,
				B0725AD21DB4A6CB00418702 /* HelloCoCoaPodsTests.xctest */,
				B0725ADD1DB4A6CB00418702 /* HelloCoCoaPodsUITests.xctest */,
			);
			name = Products;
			sourceTree = "<group>";
		};
		B0725AC01DB4A6CA00418702 /* HelloCoCoaPods */ = {
			isa = PBXGroup;
			children = (
				B018DD3E1DB7A84E009B31F9 /* HelloCoCoaPods.entitlements */,
				B0725AC11DB4A6CB00418702 /* AppDelegate.swift */,
				B0725AC31DB4A6CB00418702 /* ViewController.swift */,
				B0725AC51DB4A6CB00418702 /* Main.storyboard */,
				B0725AC81DB4A6CB00418702 /* Assets.xcassets */,
				B0725ACA1DB4A6CB00418702 /* LaunchScreen.storyboard */,
				B0725ACD1DB4A6CB00418702 /* Info.plist */,
				B04A7F011DB4BC1900CF7EBA /* GoogleService-Info.plist */,
			);
			path = HelloCoCoaPods;
			sourceTree = "<group>";
		};
		B0725AD51DB4A6CB00418702 /* HelloCoCoaPodsTests */ = {
			isa = PBXGroup;
			children = (
				B0725AD61DB4A6CB00418702 /* HelloCoCoaPodsTests.swift */,
				B0725AD81DB4A6CB00418702 /* Info.plist */,
			);
			path = HelloCoCoaPodsTests;
			sourceTree = "<group>";
		};
		B0725AE01DB4A6CB00418702 /* HelloCoCoaPodsUITests */ = {
			isa = PBXGroup;
			children = (
				B0725AE11DB4A6CB00418702 /* HelloCoCoaPodsUITests.swift */,
				B0725AE31DB4A6CB00418702 /* Info.plist */,
			);
			path = HelloCoCoaPodsUITests;
			sourceTree = "<group>";
		};
/* End PBXGroup section */

/* Begin PBXNativeTarget section */
		B0725ABD1DB4A6CA00418702 /* HelloCoCoaPods */ = {
			isa = PBXNativeTarget;
			buildConfigurationList = B0725AE61DB4A6CB00418702 /* Build configuration list for PBXNativeTarget "HelloCoCoaPods" */;
			buildPhases = (
				7D5C0AEEC85F6711BFAFA480 /* [CP] Check Pods Manifest.lock */,
				B0725ABA1DB4A6CA00418702 /* Sources */,
				B0725ABB1DB4A6CA00418702 /* Frameworks */,
				B0725ABC1DB4A6CA00418702 /* Resources */,
				9871DDB13FC53974CE3915B2 /* [CP] Embed Pods Frameworks */,
				34E4A45BD7FC612CD5F782A5 /* [CP] Copy Pods Resources */,
			);
			buildRules = (
			);
			dependencies = (
			);
			name = HelloCoCoaPods;
			productName = HelloCoCoaPods;
			productReference = B0725ABE1DB4A6CA00418702 /* HelloCoCoaPods.app */;
			productType = "com.apple.product-type.application";
		};
		B0725AD11DB4A6CB00418702 /* HelloCoCoaPodsTests */ = {
			isa = PBXNativeTarget;
			buildConfigurationList = B0725AE91DB4A6CB00418702 /* Build configuration list for PBXNativeTarget "HelloCoCoaPodsTests" */;
			buildPhases = (
				E438B23F2BE68D7F5292E3FD /* [CP] Check Pods Manifest.lock */,
				B0725ACE1DB4A6CB00418702 /* Sources */,
				B0725ACF1DB4A6CB00418702 /* Frameworks */,
				B0725AD01DB4A6CB00418702 /* Resources */,
				2A127ACB4FA8DEC584487760 /* [CP] Embed Pods Frameworks */,
				5557B467FE5A00338A29BA09 /* [CP] Copy Pods Resources */,
			);
			buildRules = (
			);
			dependencies = (
				B0725AD41DB4A6CB00418702 /* PBXTargetDependency */,
			);
			name = HelloCoCoaPodsTests;
			productName = HelloCoCoaPodsTests;
			productReference = B0725AD21DB4A6CB00418702 /* HelloCoCoaPodsTests.xctest */;
			productType = "com.apple.product-type.bundle.unit-test";
		};
		B0725ADC1DB4A6CB00418702 /* HelloCoCoaPodsUITests */ = {
			isa = PBXNativeTarget;
			buildConfigurationList = B0725AEC1DB4A6CB00418702 /* Build configuration list for PBXNativeTarget "HelloCoCoaPodsUITests" */;
			buildPhases = (
				7944D93F3053A5A189748777 /* [CP] Check Pods Manifest.lock */,
				B0725AD91DB4A6CB00418702 /* Sources */,
				B0725ADA1DB4A6CB00418702 /* Frameworks */,
				B0725ADB1DB4A6CB00418702 /* Resources */,
				622BB2492689C70E7FCCC41C /* [CP] Embed Pods Frameworks */,
				26CB097A7C848148CE05DFC0 /* [CP] Copy Pods Resources */,
			);
			buildRules = (
			);
			dependencies = (
				B0725ADF1DB4A6CB00418702 /* PBXTargetDependency */,
			);
			name = HelloCoCoaPodsUITests;
			productName = HelloCoCoaPodsUITests;
			productReference = B0725ADD1DB4A6CB00418702 /* HelloCoCoaPodsUITests.xctest */;
			productType = "com.apple.product-type.bundle.ui-testing";
		};
/* End PBXNativeTarget section */

/* Begin PBXProject section */
		B0725AB61DB4A6CA00418702 /* Project object */ = {
			isa = PBXProject;
			attributes = {
				LastSwiftUpdateCheck = 0800;
				LastUpgradeCheck = 0800;
				ORGANIZATIONNAME = denny;
				TargetAttributes = {
					B0725ABD1DB4A6CA00418702 = {
						CreatedOnToolsVersion = 8.0;
						DevelopmentTeam = 8H7X36TF25;
						ProvisioningStyle = Automatic;
						SystemCapabilities = {
							com.apple.Keychain = {
								enabled = 1;
							};
						};
					};
					B0725AD11DB4A6CB00418702 = {
						CreatedOnToolsVersion = 8.0;
						ProvisioningStyle = Automatic;
						TestTargetID = B0725ABD1DB4A6CA00418702;
					};
					B0725ADC1DB4A6CB00418702 = {
						CreatedOnToolsVersion = 8.0;
						ProvisioningStyle = Automatic;
						TestTargetID = B0725ABD1DB4A6CA00418702;
					};
				};
			};
			buildConfigurationList = B0725AB91DB4A6CA00418702 /* Build configuration list for PBXProject "HelloCoCoaPods" */;
			compatibilityVersion = "Xcode 3.2";
			developmentRegion = English;
			hasScannedForEncodings = 0;
			knownRegions = (
				en,
				Base,
			);
			mainGroup = B0725AB51DB4A6CA00418702;
			productRefGroup = B0725ABF1DB4A6CA00418702 /* Products */;
			projectDirPath = "";
			projectRoot = "";
			targets = (
				B0725ABD1DB4A6CA00418702 /* HelloCoCoaPods */,
				B0725AD11DB4A6CB00418702 /* HelloCoCoaPodsTests */,
				B0725ADC1DB4A6CB00418702 /* HelloCoCoaPodsUITests */,
			);
		};
/* End PBXProject section */

/* Begin PBXResourcesBuildPhase section */
		B0725ABC1DB4A6CA00418702 /* Resources */ = {
			isa = PBXResourcesBuildPhase;
			buildActionMask = 2147483647;
			files = (
				B0725ACC1DB4A6CB00418702 /* LaunchScreen.storyboard in Resources */,
				B04A7F021DB4BC1900CF7EBA /* GoogleService-Info.plist in Resources */,
				B0725AC91DB4A6CB00418702 /* Assets.xcassets in Resources */,
				B0725AC71DB4A6CB00418702 /* Main.storyboard in Resources */,
			);
			runOnlyForDeploymentPostprocessing = 0;
		};
		B0725AD01DB4A6CB00418702 /* Resources */ = {
			isa = PBXResourcesBuildPhase;
			buildActionMask = 2147483647;
			files = (
			);
			runOnlyForDeploymentPostprocessing = 0;
		};
		B0725ADB1DB4A6CB00418702 /* Resources */ = {
			isa = PBXResourcesBuildPhase;
			buildActionMask = 2147483647;
			files = (
			);
			runOnlyForDeploymentPostprocessing = 0;
		};
/* End PBXResourcesBuildPhase section */

/* Begin PBXShellScriptBuildPhase section */
		26CB097A7C848148CE05DFC0 /* [CP] Copy Pods Resources */ = {
			isa = PBXShellScriptBuildPhase;
			buildActionMask = 2147483647;
			files = (
			);
			inputPaths = (
			);
			name = "[CP] Copy Pods Resources";
			outputPaths = (
			);
			runOnlyForDeploymentPostprocessing = 0;
			shellPath = /bin/sh;
			shellScript = "\"${SRCROOT}/Pods/Target Support Files/Pods-HelloCoCoaPodsUITests/Pods-HelloCoCoaPodsUITests-resources.sh\"\n";
			showEnvVarsInLog = 0;
		};
		2A127ACB4FA8DEC584487760 /* [CP] Embed Pods Frameworks */ = {
			isa = PBXShellScriptBuildPhase;
			buildActionMask = 2147483647;
			files = (
			);
			inputPaths = (
			);
			name = "[CP] Embed Pods Frameworks";
			outputPaths = (
			);
			runOnlyForDeploymentPostprocessing = 0;
			shellPath = /bin/sh;
			shellScript = "\"${SRCROOT}/Pods/Target Support Files/Pods-HelloCoCoaPodsTests/Pods-HelloCoCoaPodsTests-frameworks.sh\"\n";
			showEnvVarsInLog = 0;
		};
		34E4A45BD7FC612CD5F782A5 /* [CP] Copy Pods Resources */ = {
			isa = PBXShellScriptBuildPhase;
			buildActionMask = 2147483647;
			files = (
			);
			inputPaths = (
			);
			name = "[CP] Copy Pods Resources";
			outputPaths = (
			);
			runOnlyForDeploymentPostprocessing = 0;
			shellPath = /bin/sh;
			shellScript = "\"${SRCROOT}/Pods/Target Support Files/Pods-HelloCoCoaPods/Pods-HelloCoCoaPods-resources.sh\"\n";
			showEnvVarsInLog = 0;
		};
		5557B467FE5A00338A29BA09 /* [CP] Copy Pods Resources */ = {
			isa = PBXShellScriptBuildPhase;
			buildActionMask = 2147483647;
			files = (
			);
			inputPaths = (
			);
			name = "[CP] Copy Pods Resources";
			outputPaths = (
			);
			runOnlyForDeploymentPostprocessing = 0;
			shellPath = /bin/sh;
			shellScript = "\"${SRCROOT}/Pods/Target Support Files/Pods-HelloCoCoaPodsTests/Pods-HelloCoCoaPodsTests-resources.sh\"\n";
			showEnvVarsInLog = 0;
		};
		622BB2492689C70E7FCCC41C /* [CP] Embed Pods Frameworks */ = {
			isa = PBXShellScriptBuildPhase;
			buildActionMask = 2147483647;
			files = (
			);
			inputPaths = (
			);
			name = "[CP] Embed Pods Frameworks";
			outputPaths = (
			);
			runOnlyForDeploymentPostprocessing = 0;
			shellPath = /bin/sh;
			shellScript = "\"${SRCROOT}/Pods/Target Support Files/Pods-HelloCoCoaPodsUITests/Pods-HelloCoCoaPodsUITests-frameworks.sh\"\n";
			showEnvVarsInLog = 0;
		};
		7944D93F3053A5A189748777 /* [CP] Check Pods Manifest.lock */ = {
			isa = PBXShellScriptBuildPhase;
			buildActionMask = 2147483647;
			files = (
			);
			inputPaths = (
			);
			name = "[CP] Check Pods Manifest.lock";
			outputPaths = (
			);
			runOnlyForDeploymentPostprocessing = 0;
			shellPath = /bin/sh;
			shellScript = "diff \"${PODS_ROOT}/../Podfile.lock\" \"${PODS_ROOT}/Manifest.lock\" > /dev/null\nif [ $? != 0 ] ; then\n    # print error to STDERR\n    echo \"error: The sandbox is not in sync with the Podfile.lock. Run 'pod install' or update your CocoaPods installation.\" >&2\n    exit 1\nfi\n";
			showEnvVarsInLog = 0;
		};
		7D5C0AEEC85F6711BFAFA480 /* [CP] Check Pods Manifest.lock */ = {
			isa = PBXShellScriptBuildPhase;
			buildActionMask = 2147483647;
			files = (
			);
			inputPaths = (
			);
			name = "[CP] Check Pods Manifest.lock";
			outputPaths = (
			);
			runOnlyForDeploymentPostprocessing = 0;
			shellPath = /bin/sh;
			shellScript = "diff \"${PODS_ROOT}/../Podfile.lock\" \"${PODS_ROOT}/Manifest.lock\" > /dev/null\nif [ $? != 0 ] ; then\n    # print error to STDERR\n    echo \"error: The sandbox is not in sync with the Podfile.lock. Run 'pod install' or update your CocoaPods installation.\" >&2\n    exit 1\nfi\n";
			showEnvVarsInLog = 0;
		};
		9871DDB13FC53974CE3915B2 /* [CP] Embed Pods Frameworks */ = {
			isa = PBXShellScriptBuildPhase;
			buildActionMask = 2147483647;
			files = (
			);
			inputPaths = (
			);
			name = "[CP] Embed Pods Frameworks";
			outputPaths = (
			);
			runOnlyForDeploymentPostprocessing = 0;
			shellPath = /bin/sh;
			shellScript = "\"${SRCROOT}/Pods/Target Support Files/Pods-HelloCoCoaPods/Pods-HelloCoCoaPods-frameworks.sh\"\n";
			showEnvVarsInLog = 0;
		};
		E438B23F2BE68D7F5292E3FD /* [CP] Check Pods Manifest.lock */ = {
			isa = PBXShellScriptBuildPhase;
			buildActionMask = 2147483647;
			files = (
			);
			inputPaths = (
			);
			name = "[CP] Check Pods Manifest.lock";
			outputPaths = (
			);
			runOnlyForDeploymentPostprocessing = 0;
			shellPath = /bin/sh;
			shellScript = "diff \"${PODS_ROOT}/../Podfile.lock\" \"${PODS_ROOT}/Manifest.lock\" > /dev/null\nif [ $? != 0 ] ; then\n    # print error to STDERR\n    echo \"error: The sandbox is not in sync with the Podfile.lock. Run 'pod install' or update your CocoaPods installation.\" >&2\n    exit 1\nfi\n";
			showEnvVarsInLog = 0;
		};
/* End PBXShellScriptBuildPhase section */

/* Begin PBXSourcesBuildPhase section */
		B0725ABA1DB4A6CA00418702 /* Sources */ = {
			isa = PBXSourcesBuildPhase;
			buildActionMask = 2147483647;
			files = (
				B0725AC41DB4A6CB00418702 /* ViewController.swift in Sources */,
				B0725AC21DB4A6CB00418702 /* AppDelegate.swift in Sources */,
			);
			runOnlyForDeploymentPostprocessing = 0;
		};
		B0725ACE1DB4A6CB00418702 /* Sources */ = {
			isa = PBXSourcesBuildPhase;
			buildActionMask = 2147483647;
			files = (
				B0725AD71DB4A6CB00418702 /* HelloCoCoaPodsTests.swift in Sources */,
			);
			runOnlyForDeploymentPostprocessing = 0;
		};
		B0725AD91DB4A6CB00418702 /* Sources */ = {
			isa = PBXSourcesBuildPhase;
			buildActionMask = 2147483647;
			files = (
				B0725AE21DB4A6CB00418702 /* HelloCoCoaPodsUITests.swift in Sources */,
			);
			runOnlyForDeploymentPostprocessing = 0;
		};
/* End PBXSourcesBuildPhase section */

/* Begin PBXTargetDependency section */
		B0725AD41DB4A6CB00418702 /* PBXTargetDependency */ = {
			isa = PBXTargetDependency;
			target = B0725ABD1DB4A6CA00418702 /* HelloCoCoaPods */;
			targetProxy = B0725AD31DB4A6CB00418702 /* PBXContainerItemProxy */;
		};
		B0725ADF1DB4A6CB00418702 /* PBXTargetDependency */ = {
			isa = PBXTargetDependency;
			target = B0725ABD1DB4A6CA00418702 /* HelloCoCoaPods */;
			targetProxy = B0725ADE1DB4A6CB00418702 /* PBXContainerItemProxy */;
		};
/* End PBXTargetDependency section */

/* Begin PBXVariantGroup section */
		B0725AC51DB4A6CB00418702 /* Main.storyboard */ = {
			isa = PBXVariantGroup;
			children = (
				B0725AC61DB4A6CB00418702 /* Base */,
			);
			name = Main.storyboard;
			sourceTree = "<group>";
		};
		B0725ACA1DB4A6CB00418702 /* LaunchScreen.storyboard */ = {
			isa = PBXVariantGroup;
			children = (
				B0725ACB1DB4A6CB00418702 /* Base */,
			);
			name = LaunchScreen.storyboard;
			sourceTree = "<group>";
		};
/* End PBXVariantGroup section */

/* Begin XCBuildConfiguration section */
		B0725AE41DB4A6CB00418702 /* Debug */ = {
			isa = XCBuildConfiguration;
			buildSettings = {
				ALWAYS_SEARCH_USER_PATHS = NO;
				CLANG_ANALYZER_NONNULL = YES;
				CLANG_CXX_LANGUAGE_STANDARD = "gnu++0x";
				CLANG_CXX_LIBRARY = "libc++";
				CLANG_ENABLE_MODULES = YES;
				CLANG_ENABLE_OBJC_ARC = YES;
				CLANG_WARN_BOOL_CONVERSION = YES;
				CLANG_WARN_CONSTANT_CONVERSION = YES;
				CLANG_WARN_DIRECT_OBJC_ISA_USAGE = YES_ERROR;
				CLANG_WARN_DOCUMENTATION_COMMENTS = YES;
				CLANG_WARN_EMPTY_BODY = YES;
				CLANG_WARN_ENUM_CONVERSION = YES;
				CLANG_WARN_INFINITE_RECURSION = YES;
				CLANG_WARN_INT_CONVERSION = YES;
				CLANG_WARN_OBJC_ROOT_CLASS = YES_ERROR;
				CLANG_WARN_SUSPICIOUS_MOVES = YES;
				CLANG_WARN_UNREACHABLE_CODE = YES;
				CLANG_WARN__DUPLICATE_METHOD_MATCH = YES;
				"CODE_SIGN_IDENTITY[sdk=iphoneos*]" = "iPhone Developer";
				COPY_PHASE_STRIP = NO;
				DEBUG_INFORMATION_FORMAT = dwarf;
				ENABLE_STRICT_OBJC_MSGSEND = YES;
				ENABLE_TESTABILITY = YES;
				GCC_C_LANGUAGE_STANDARD = gnu99;
				GCC_DYNAMIC_NO_PIC = NO;
				GCC_NO_COMMON_BLOCKS = YES;
				GCC_OPTIMIZATION_LEVEL = 0;
				GCC_PREPROCESSOR_DEFINITIONS = (
					"DEBUG=1",
					"$(inherited)",
				);
				GCC_WARN_64_TO_32_BIT_CONVERSION = YES;
				GCC_WARN_ABOUT_RETURN_TYPE = YES_ERROR;
				GCC_WARN_UNDECLARED_SELECTOR = YES;
				GCC_WARN_UNINITIALIZED_AUTOS = YES_AGGRESSIVE;
				GCC_WARN_UNUSED_FUNCTION = YES;
				GCC_WARN_UNUSED_VARIABLE = YES;
				IPHONEOS_DEPLOYMENT_TARGET = 10.0;
				MTL_ENABLE_DEBUG_INFO = YES;
				ONLY_ACTIVE_ARCH = YES;
				SDKROOT = iphoneos;
				SWIFT_ACTIVE_COMPILATION_CONDITIONS = DEBUG;
				SWIFT_OPTIMIZATION_LEVEL = "-Onone";
				TARGETED_DEVICE_FAMILY = "1,2";
			};
			name = Debug;
		};
		B0725AE51DB4A6CB00418702 /* Release */ = {
			isa = XCBuildConfiguration;
			buildSettings = {
				ALWAYS_SEARCH_USER_PATHS = NO;
				CLANG_ANALYZER_NONNULL = YES;
				CLANG_CXX_LANGUAGE_STANDARD = "gnu++0x";
				CLANG_CXX_LIBRARY = "libc++";
				CLANG_ENABLE_MODULES = YES;
				CLANG_ENABLE_OBJC_ARC = YES;
				CLANG_WARN_BOOL_CONVERSION = YES;
				CLANG_WARN_CONSTANT_CONVERSION = YES;
				CLANG_WARN_DIRECT_OBJC_ISA_USAGE = YES_ERROR;
				CLANG_WARN_DOCUMENTATION_COMMENTS = YES;
				CLANG_WARN_EMPTY_BODY = YES;
				CLANG_WARN_ENUM_CONVERSION = YES;
				CLANG_WARN_INFINITE_RECURSION = YES;
				CLANG_WARN_INT_CONVERSION = YES;
				CLANG_WARN_OBJC_ROOT_CLASS = YES_ERROR;
				CLANG_WARN_SUSPICIOUS_MOVES = YES;
				CLANG_WARN_UNREACHABLE_CODE = YES;
				CLANG_WARN__DUPLICATE_METHOD_MATCH = YES;
				"CODE_SIGN_IDENTITY[sdk=iphoneos*]" = "iPhone Developer";
				COPY_PHASE_STRIP = NO;
				DEBUG_INFORMATION_FORMAT = "dwarf-with-dsym";
				ENABLE_NS_ASSERTIONS = NO;
				ENABLE_STRICT_OBJC_MSGSEND = YES;
				GCC_C_LANGUAGE_STANDARD = gnu99;
				GCC_NO_COMMON_BLOCKS = YES;
				GCC_WARN_64_TO_32_BIT_CONVERSION = YES;
				GCC_WARN_ABOUT_RETURN_TYPE = YES_ERROR;
				GCC_WARN_UNDECLARED_SELECTOR = YES;
				GCC_WARN_UNINITIALIZED_AUTOS = YES_AGGRESSIVE;
				GCC_WARN_UNUSED_FUNCTION = YES;
				GCC_WARN_UNUSED_VARIABLE = YES;
				IPHONEOS_DEPLOYMENT_TARGET = 10.0;
				MTL_ENABLE_DEBUG_INFO = NO;
				SDKROOT = iphoneos;
				SWIFT_OPTIMIZATION_LEVEL = "-Owholemodule";
				TARGETED_DEVICE_FAMILY = "1,2";
				VALIDATE_PRODUCT = YES;
			};
			name = Release;
		};
		B0725AE71DB4A6CB00418702 /* Debug */ = {
			isa = XCBuildConfiguration;
			baseConfigurationReference = 90F634FEAA16FE43EC3B8BBB /* Pods-HelloCoCoaPods.debug.xcconfig */;
			buildSettings = {
				ASSETCATALOG_COMPILER_APPICON_NAME = AppIcon;
				CODE_SIGN_ENTITLEMENTS = HelloCoCoaPods/HelloCoCoaPods.entitlements;
				DEVELOPMENT_TEAM = 8H7X36TF25;
				INFOPLIST_FILE = HelloCoCoaPods/Info.plist;
				LD_RUNPATH_SEARCH_PATHS = "$(inherited) @executable_path/Frameworks";
				PRODUCT_BUNDLE_IDENTIFIER = com.addweup.HelloCoCoaPods;
				PRODUCT_NAME = "$(TARGET_NAME)";
				SWIFT_VERSION = 3.0;
			};
			name = Debug;
		};
		B0725AE81DB4A6CB00418702 /* Release */ = {
			isa = XCBuildConfiguration;
			baseConfigurationReference = 034B056488B5F9E06844F4A3 /* Pods-HelloCoCoaPods.release.xcconfig */;
			buildSettings = {
				ASSETCATALOG_COMPILER_APPICON_NAME = AppIcon;
				CODE_SIGN_ENTITLEMENTS = HelloCoCoaPods/HelloCoCoaPods.entitlements;
				DEVELOPMENT_TEAM = 8H7X36TF25;
				INFOPLIST_FILE = HelloCoCoaPods/Info.plist;
				LD_RUNPATH_SEARCH_PATHS = "$(inherited) @executable_path/Frameworks";
				PRODUCT_BUNDLE_IDENTIFIER = com.addweup.HelloCoCoaPods;
				PRODUCT_NAME = "$(TARGET_NAME)";
				SWIFT_VERSION = 3.0;
			};
			name = Release;
		};
		B0725AEA1DB4A6CB00418702 /* Debug */ = {
			isa = XCBuildConfiguration;
			baseConfigurationReference = 5E1D53255BCC58F9E182D361 /* Pods-HelloCoCoaPodsTests.debug.xcconfig */;
			buildSettings = {
				ALWAYS_EMBED_SWIFT_STANDARD_LIBRARIES = YES;
				BUNDLE_LOADER = "$(TEST_HOST)";
				INFOPLIST_FILE = HelloCoCoaPodsTests/Info.plist;
				LD_RUNPATH_SEARCH_PATHS = "$(inherited) @executable_path/Frameworks @loader_path/Frameworks";
				PRODUCT_BUNDLE_IDENTIFIER = com.addweup.HelloCoCoaPodsTests;
				PRODUCT_NAME = "$(TARGET_NAME)";
				SWIFT_VERSION = 3.0;
				TEST_HOST = "$(BUILT_PRODUCTS_DIR)/HelloCoCoaPods.app/HelloCoCoaPods";
			};
			name = Debug;
		};
		B0725AEB1DB4A6CB00418702 /* Release */ = {
			isa = XCBuildConfiguration;
			baseConfigurationReference = E9831E67F3295237E7061820 /* Pods-HelloCoCoaPodsTests.release.xcconfig */;
			buildSettings = {
				ALWAYS_EMBED_SWIFT_STANDARD_LIBRARIES = YES;
				BUNDLE_LOADER = "$(TEST_HOST)";
				INFOPLIST_FILE = HelloCoCoaPodsTests/Info.plist;
				LD_RUNPATH_SEARCH_PATHS = "$(inherited) @executable_path/Frameworks @loader_path/Frameworks";
				PRODUCT_BUNDLE_IDENTIFIER = com.addweup.HelloCoCoaPodsTests;
				PRODUCT_NAME = "$(TARGET_NAME)";
				SWIFT_VERSION = 3.0;
				TEST_HOST = "$(BUILT_PRODUCTS_DIR)/HelloCoCoaPods.app/HelloCoCoaPods";
			};
			name = Release;
		};
		B0725AED1DB4A6CB00418702 /* Debug */ = {
			isa = XCBuildConfiguration;
			baseConfigurationReference = 39304F9C62C58D49A413869B /* Pods-HelloCoCoaPodsUITests.debug.xcconfig */;
			buildSettings = {
				ALWAYS_EMBED_SWIFT_STANDARD_LIBRARIES = YES;
				INFOPLIST_FILE = HelloCoCoaPodsUITests/Info.plist;
				LD_RUNPATH_SEARCH_PATHS = "$(inherited) @executable_path/Frameworks @loader_path/Frameworks";
				PRODUCT_BUNDLE_IDENTIFIER = com.addweup.HelloCoCoaPodsUITests;
				PRODUCT_NAME = "$(TARGET_NAME)";
				SWIFT_VERSION = 3.0;
				TEST_TARGET_NAME = HelloCoCoaPods;
			};
			name = Debug;
		};
		B0725AEE1DB4A6CB00418702 /* Release */ = {
			isa = XCBuildConfiguration;
			baseConfigurationReference = 32B8F473F3092C8856B67A54 /* Pods-HelloCoCoaPodsUITests.release.xcconfig */;
			buildSettings = {
				ALWAYS_EMBED_SWIFT_STANDARD_LIBRARIES = YES;
				INFOPLIST_FILE = HelloCoCoaPodsUITests/Info.plist;
				LD_RUNPATH_SEARCH_PATHS = "$(inherited) @executable_path/Frameworks @loader_path/Frameworks";
				PRODUCT_BUNDLE_IDENTIFIER = com.addweup.HelloCoCoaPodsUITests;
				PRODUCT_NAME = "$(TARGET_NAME)";
				SWIFT_VERSION = 3.0;
				TEST_TARGET_NAME = HelloCoCoaPods;
			};
			name = Release;
		};
/* End XCBuildConfiguration section */

/* Begin XCConfigurationList section */
		B0725AB91DB4A6CA00418702 /* Build configuration list for PBXProject "HelloCoCoaPods" */ = {
			isa = XCConfigurationList;
			buildConfigurations = (
				B0725AE41DB4A6CB00418702 /* Debug */,
				B0725AE51DB4A6CB00418702 /* Release */,
			);
			defaultConfigurationIsVisible = 0;
			defaultConfigurationName = Release;
		};
		B0725AE61DB4A6CB00418702 /* Build configuration list for PBXNativeTarget "HelloCoCoaPods" */ = {
			isa = XCConfigurationList;
			buildConfigurations = (
				B0725AE71DB4A6CB00418702 /* Debug */,
				B0725AE81DB4A6CB00418702 /* Release */,
			);
			defaultConfigurationIsVisible = 0;
			defaultConfigurationName = Release;
		};
		B0725AE91DB4A6CB00418702 /* Build configuration list for PBXNativeTarget "HelloCoCoaPodsTests" */ = {
			isa = XCConfigurationList;
			buildConfigurations = (
				B0725AEA1DB4A6CB00418702 /* Debug */,
				B0725AEB1DB4A6CB00418702 /* Release */,
			);
			defaultConfigurationIsVisible = 0;
			defaultConfigurationName = Release;
		};
		B0725AEC1DB4A6CB00418702 /* Build configuration list for PBXNativeTarget "HelloCoCoaPodsUITests" */ = {
			isa = XCConfigurationList;
			buildConfigurations = (
				B0725AED1DB4A6CB00418702 /* Debug */,
				B0725AEE1DB4A6CB00418702 /* Release */,
			);
			defaultConfigurationIsVisible = 0;
			defaultConfigurationName = Release;
		};
/* End XCConfigurationList section */
	};
	rootObject = B0725AB61DB4A6CA00418702 /* Project object */;
}
